
Microsoft Visual Studio Solution File, Format Version 12.00
# Visual Studio 15
VisualStudioVersion = 15.0.27428.2015
MinimumVisualStudioVersion = 10.0.40219.1
Project("{FAE04EC0-301F-11D3-BF4B-00C04F79EFBC}") = "CroparCuboPara592", "CroparCuboPara592\CroparCuboPara592.csproj", "{FC0FEF60-8001-4CF8-8294-9B1B8DA82F1B}"
EndProject
Global
	GlobalSection(SolutionConfigurationPlatforms) = preSolution
		Debug|Any CPU = Debug|Any CPU
		Release|Any CPU = Release|Any CPU
	EndGlobalSection
	GlobalSection(ProjectConfigurationPlatforms) = postSolution
		{FC0FEF60-8001-4CF8-8294-9B1B8DA82F1B}.Debug|Any CPU.ActiveCfg = Debug|Any CPU
		{FC0FEF60-8001-4CF8-8294-9B1B8DA82F1B}.Debug|Any CPU.Build.0 = Debug|Any CPU
		{FC0FEF60-8001-4CF8-8294-9B1B8DA82F1B}.Release|Any CPU.ActiveCfg = Release|Any CPU
		{FC0FEF60-8001-4CF8-8294-9B1B8DA82F1B}.Release|Any CPU.Build.0 = Release|Any CPU
	EndGlobalSection
	GlobalSection(SolutionProperties) = preSolution
		HideSolutionNode = FALSE
	EndGlobalSection
	GlobalSection(ExtensibilityGlobals) = postSolution
		SolutionGuid = {7B1870FB-4721-4FF1-99DA-B1B40AE3ED7C}
	EndGlobalSection
EndGlobal
