
Microsoft Visual Studio Solution File, Format Version 11.00
# Visual Studio 2010
Project("{FAE04EC0-301F-11D3-BF4B-00C04F79EFBC}") = "Apenas visualizando o cubo", "Assembly-CSharp.csproj", "{DFE82E44-A240-4C10-E45F-74FD2B260957}"
EndProject
Global
	GlobalSection(SolutionConfigurationPlatforms) = preSolution
		Debug|Any CPU = Debug|Any CPU
		Release|Any CPU = Release|Any CPU
	EndGlobalSection
	GlobalSection(ProjectConfigurationPlatforms) = postSolution
		{DFE82E44-A240-4C10-E45F-74FD2B260957}.Debug|Any CPU.ActiveCfg = Debug|Any CPU
		{DFE82E44-A240-4C10-E45F-74FD2B260957}.Debug|Any CPU.Build.0 = Debug|Any CPU
		{DFE82E44-A240-4C10-E45F-74FD2B260957}.Release|Any CPU.ActiveCfg = Release|Any CPU
		{DFE82E44-A240-4C10-E45F-74FD2B260957}.Release|Any CPU.Build.0 = Release|Any CPU
	EndGlobalSection
	GlobalSection(SolutionProperties) = preSolution
		HideSolutionNode = FALSE
	EndGlobalSection
	GlobalSection(MonoDevelopProperties) = preSolution
		StartupItem = Assembly-CSharp.csproj
	EndGlobalSection
EndGlobal
