
Microsoft Visual Studio Solution File, Format Version 12.00
# Visual Studio 15
VisualStudioVersion = 15.0.27428.2015
MinimumVisualStudioVersion = 10.0.40219.1
Project("{FAE04EC0-301F-11D3-BF4B-00C04F79EFBC}") = "Transformar592x592ParaTextoIdentificado", "Transformar592x592ParaTextoIdentificado\Transformar592x592ParaTextoIdentificado.csproj", "{DA6F611F-8FC6-4C43-8FEC-7234A67EBBAB}"
EndProject
Global
	GlobalSection(SolutionConfigurationPlatforms) = preSolution
		Debug|Any CPU = Debug|Any CPU
		Release|Any CPU = Release|Any CPU
	EndGlobalSection
	GlobalSection(ProjectConfigurationPlatforms) = postSolution
		{DA6F611F-8FC6-4C43-8FEC-7234A67EBBAB}.Debug|Any CPU.ActiveCfg = Debug|Any CPU
		{DA6F611F-8FC6-4C43-8FEC-7234A67EBBAB}.Debug|Any CPU.Build.0 = Debug|Any CPU
		{DA6F611F-8FC6-4C43-8FEC-7234A67EBBAB}.Release|Any CPU.ActiveCfg = Release|Any CPU
		{DA6F611F-8FC6-4C43-8FEC-7234A67EBBAB}.Release|Any CPU.Build.0 = Release|Any CPU
	EndGlobalSection
	GlobalSection(SolutionProperties) = preSolution
		HideSolutionNode = FALSE
	EndGlobalSection
	GlobalSection(ExtensibilityGlobals) = postSolution
		SolutionGuid = {AEFFED9E-2755-49E6-B1C5-D2B7FD1A6B1F}
	EndGlobalSection
EndGlobal
